// !$*UTF8*$!
{
	archiveVersion = 1;
	classes = {
	};
	objectVersion = 56;
	objects = {

/* Begin PBXBuildFile section */
		ADC500102C344F3C00078439 /* TasksTab.swift in Sources */ = {isa = PBXBuildFile; fileRef = ADC5000F2C344F3C00078439 /* TasksTab.swift */; };
		ADC500122C344F5300078439 /* LeaderboardTab.swift in Sources */ = {isa = PBXBuildFile; fileRef = ADC500112C344F5300078439 /* LeaderboardTab.swift */; };
		ADC500142C344F6100078439 /* MapTab.swift in Sources */ = {isa = PBXBuildFile; fileRef = ADC500132C344F6100078439 /* MapTab.swift */; };
		ADC500162C344F6D00078439 /* ProfileTab.swift in Sources */ = {isa = PBXBuildFile; fileRef = ADC500152C344F6D00078439 /* ProfileTab.swift */; };
		ADC5FFE02C3445B900078439 /* CC_Prototype_1App.swift in Sources */ = {isa = PBXBuildFile; fileRef = ADC5FFDF2C3445B900078439 /* CC_Prototype_1App.swift */; };
		ADC5FFE22C3445B900078439 /* ContentView.swift in Sources */ = {isa = PBXBuildFile; fileRef = ADC5FFE12C3445B900078439 /* ContentView.swift */; };
		ADC5FFE42C3445BB00078439 /* Assets.xcassets in Resources */ = {isa = PBXBuildFile; fileRef = ADC5FFE32C3445BB00078439 /* Assets.xcassets */; };
		ADC5FFE72C3445BB00078439 /* Preview Assets.xcassets in Resources */ = {isa = PBXBuildFile; fileRef = ADC5FFE62C3445BB00078439 /* Preview Assets.xcassets */; };
		ADED14782C3C3FD70024ABC3 /* SplashScreen.swift in Sources */ = {isa = PBXBuildFile; fileRef = ADED14772C3C3FD70024ABC3 /* SplashScreen.swift */; };
		ADF258442C46CD7D008808DD /* LeaderboardTopCommunities.swift in Sources */ = {isa = PBXBuildFile; fileRef = ADF258432C46CD7D008808DD /* LeaderboardTopCommunities.swift */; };
		EB53EDDE2C3ED9130088839B /* StoreKit.framework in Frameworks */ = {isa = PBXBuildFile; fileRef = EB53EDDD2C3ED9120088839B /* StoreKit.framework */; };
		EB53EE042C3EF1F00088839B /* new.swift in Sources */ = {isa = PBXBuildFile; fileRef = EB53EE032C3EF1F00088839B /* new.swift */; };
		EB53EE082C402F270088839B /* ContentViewModel.swift in Sources */ = {isa = PBXBuildFile; fileRef = EB53EE072C402F260088839B /* ContentViewModel.swift */; };
		EB53EE202C45728E0088839B /* TaskTabNew.swift in Sources */ = {isa = PBXBuildFile; fileRef = EB53EE1F2C45728E0088839B /* TaskTabNew.swift */; };
		EB53EE262C457F3E0088839B /* Bundle-Decodable.swift in Sources */ = {isa = PBXBuildFile; fileRef = EB53EE252C457F3E0088839B /* Bundle-Decodable.swift */; };
		EB53EE282C457F680088839B /* DataTypes.swift in Sources */ = {isa = PBXBuildFile; fileRef = EB53EE272C457F670088839B /* DataTypes.swift */; };
		EB53EE2A2C457F800088839B /* LoadingView.swift in Sources */ = {isa = PBXBuildFile; fileRef = EB53EE292C457F800088839B /* LoadingView.swift */; };
		EB53EE2C2C457F960088839B /* ItemView.swift in Sources */ = {isa = PBXBuildFile; fileRef = EB53EE2B2C457F960088839B /* ItemView.swift */; };
		EB53EE382C4580E60088839B /* DataModel.swift in Sources */ = {isa = PBXBuildFile; fileRef = EB53EE372C4580E60088839B /* DataModel.swift */; };
		EB53EE3D2C45816E0088839B /* content.json in Resources */ = {isa = PBXBuildFile; fileRef = EB53EE3C2C45816E0088839B /* content.json */; };
		EB5A40182C46BF8E00B0742C /* Assets.xcassets in Resources */ = {isa = PBXBuildFile; fileRef = EB5A40162C46BF8E00B0742C /* Assets.xcassets */; };
		EB5A401C2C46C00900B0742C /* Confetti.sks in Resources */ = {isa = PBXBuildFile; fileRef = EB5A401B2C46C00900B0742C /* Confetti.sks */; };
		EB5A40212C46D08D00B0742C /* ConfettiSwiftUI in Frameworks */ = {isa = PBXBuildFile; productRef = EB5A40202C46D08D00B0742C /* ConfettiSwiftUI */; };
		EBC42BB42C497A6F00A54B0C /* CommunityWrap.swift in Sources */ = {isa = PBXBuildFile; fileRef = EBC42BB32C497A6E00A54B0C /* CommunityWrap.swift */; };
/* End PBXBuildFile section */

/* Begin PBXFileReference section */
		ADC5000F2C344F3C00078439 /* TasksTab.swift */ = {isa = PBXFileReference; lastKnownFileType = sourcecode.swift; path = TasksTab.swift; sourceTree = "<group>"; };
		ADC500112C344F5300078439 /* LeaderboardTab.swift */ = {isa = PBXFileReference; lastKnownFileType = sourcecode.swift; path = LeaderboardTab.swift; sourceTree = "<group>"; };
		ADC500132C344F6100078439 /* MapTab.swift */ = {isa = PBXFileReference; lastKnownFileType = sourcecode.swift; path = MapTab.swift; sourceTree = "<group>"; };
		ADC500152C344F6D00078439 /* ProfileTab.swift */ = {isa = PBXFileReference; lastKnownFileType = sourcecode.swift; path = ProfileTab.swift; sourceTree = "<group>"; };
		ADC5FFDC2C3445B900078439 /* CC Prototype 1.app */ = {isa = PBXFileReference; explicitFileType = wrapper.application; includeInIndex = 0; path = "CC Prototype 1.app"; sourceTree = BUILT_PRODUCTS_DIR; };
		ADC5FFDF2C3445B900078439 /* CC_Prototype_1App.swift */ = {isa = PBXFileReference; lastKnownFileType = sourcecode.swift; path = CC_Prototype_1App.swift; sourceTree = "<group>"; };
		ADC5FFE12C3445B900078439 /* ContentView.swift */ = {isa = PBXFileReference; lastKnownFileType = sourcecode.swift; path = ContentView.swift; sourceTree = "<group>"; };
		ADC5FFE32C3445BB00078439 /* Assets.xcassets */ = {isa = PBXFileReference; lastKnownFileType = folder.assetcatalog; path = Assets.xcassets; sourceTree = "<group>"; };
		ADC5FFE62C3445BB00078439 /* Preview Assets.xcassets */ = {isa = PBXFileReference; lastKnownFileType = folder.assetcatalog; path = "Preview Assets.xcassets"; sourceTree = "<group>"; };
		ADED14772C3C3FD70024ABC3 /* SplashScreen.swift */ = {isa = PBXFileReference; lastKnownFileType = sourcecode.swift; path = SplashScreen.swift; sourceTree = "<group>"; };
		ADF258432C46CD7D008808DD /* LeaderboardTopCommunities.swift */ = {isa = PBXFileReference; lastKnownFileType = sourcecode.swift; path = LeaderboardTopCommunities.swift; sourceTree = "<group>"; };
		EB53EDDD2C3ED9120088839B /* StoreKit.framework */ = {isa = PBXFileReference; lastKnownFileType = wrapper.framework; name = StoreKit.framework; path = System/Library/Frameworks/StoreKit.framework; sourceTree = SDKROOT; };
		EB53EE032C3EF1F00088839B /* new.swift */ = {isa = PBXFileReference; lastKnownFileType = sourcecode.swift; path = new.swift; sourceTree = "<group>"; };
		EB53EE072C402F260088839B /* ContentViewModel.swift */ = {isa = PBXFileReference; lastKnownFileType = sourcecode.swift; path = ContentViewModel.swift; sourceTree = "<group>"; };
		EB53EE1F2C45728E0088839B /* TaskTabNew.swift */ = {isa = PBXFileReference; lastKnownFileType = sourcecode.swift; path = TaskTabNew.swift; sourceTree = "<group>"; };
		EB53EE252C457F3E0088839B /* Bundle-Decodable.swift */ = {isa = PBXFileReference; fileEncoding = 4; lastKnownFileType = sourcecode.swift; path = "Bundle-Decodable.swift"; sourceTree = "<group>"; };
		EB53EE272C457F670088839B /* DataTypes.swift */ = {isa = PBXFileReference; fileEncoding = 4; lastKnownFileType = sourcecode.swift; path = DataTypes.swift; sourceTree = "<group>"; };
		EB53EE292C457F800088839B /* LoadingView.swift */ = {isa = PBXFileReference; fileEncoding = 4; lastKnownFileType = sourcecode.swift; path = LoadingView.swift; sourceTree = "<group>"; };
		EB53EE2B2C457F960088839B /* ItemView.swift */ = {isa = PBXFileReference; fileEncoding = 4; lastKnownFileType = sourcecode.swift; path = ItemView.swift; sourceTree = "<group>"; };
		EB53EE372C4580E60088839B /* DataModel.swift */ = {isa = PBXFileReference; lastKnownFileType = sourcecode.swift; path = DataModel.swift; sourceTree = "<group>"; };
		EB53EE3C2C45816E0088839B /* content.json */ = {isa = PBXFileReference; lastKnownFileType = text.json; path = content.json; sourceTree = "<group>"; };
		EB5A40162C46BF8E00B0742C /* Assets.xcassets */ = {isa = PBXFileReference; lastKnownFileType = folder.assetcatalog; path = Assets.xcassets; sourceTree = "<group>"; };
		EB5A401B2C46C00900B0742C /* Confetti.sks */ = {isa = PBXFileReference; lastKnownFileType = file.sks; path = Confetti.sks; sourceTree = "<group>"; };
		EBC42BB32C497A6E00A54B0C /* CommunityWrap.swift */ = {isa = PBXFileReference; lastKnownFileType = sourcecode.swift; path = CommunityWrap.swift; sourceTree = "<group>"; };
/* End PBXFileReference section */

/* Begin PBXFrameworksBuildPhase section */
		ADC5FFD92C3445B900078439 /* Frameworks */ = {
			isa = PBXFrameworksBuildPhase;
			buildActionMask = 2147483647;
			files = (
				EB5A40212C46D08D00B0742C /* ConfettiSwiftUI in Frameworks */,
				EB53EDDE2C3ED9130088839B /* StoreKit.framework in Frameworks */,
			);
			runOnlyForDeploymentPostprocessing = 0;
		};
/* End PBXFrameworksBuildPhase section */

/* Begin PBXGroup section */
		ADC5FFD32C3445B900078439 = {
			isa = PBXGroup;
			children = (
				ADC5FFDE2C3445B900078439 /* CC Prototype 1 */,
				ADC5FFDD2C3445B900078439 /* Products */,
				EB53EDDC2C3ED9120088839B /* Frameworks */,
			);
			sourceTree = "<group>";
		};
		ADC5FFDD2C3445B900078439 /* Products */ = {
			isa = PBXGroup;
			children = (
				ADC5FFDC2C3445B900078439 /* CC Prototype 1.app */,
			);
			name = Products;
			sourceTree = "<group>";
		};
		ADC5FFDE2C3445B900078439 /* CC Prototype 1 */ = {
			isa = PBXGroup;
			children = (
				ADED14772C3C3FD70024ABC3 /* SplashScreen.swift */,
				ADC5FFDF2C3445B900078439 /* CC_Prototype_1App.swift */,
				ADC5FFE12C3445B900078439 /* ContentView.swift */,
				ADC5000F2C344F3C00078439 /* TasksTab.swift */,
				EB53EE1F2C45728E0088839B /* TaskTabNew.swift */,
				ADC500112C344F5300078439 /* LeaderboardTab.swift */,
				ADF258432C46CD7D008808DD /* LeaderboardTopCommunities.swift */,
				ADC500132C344F6100078439 /* MapTab.swift */,
				ADC500152C344F6D00078439 /* ProfileTab.swift */,
				EBC42BB32C497A6E00A54B0C /* CommunityWrap.swift */,
				EB53EE032C3EF1F00088839B /* new.swift */,
				ADC5FFE32C3445BB00078439 /* Assets.xcassets */,
				EB53EE292C457F800088839B /* LoadingView.swift */,
				EB53EE2B2C457F960088839B /* ItemView.swift */,
				EB53EE272C457F670088839B /* DataTypes.swift */,
				EB53EE372C4580E60088839B /* DataModel.swift */,
				EB53EE252C457F3E0088839B /* Bundle-Decodable.swift */,
				EB53EE3C2C45816E0088839B /* content.json */,
				ADC5FFE52C3445BB00078439 /* Preview Content */,
			);
			path = "CC Prototype 1";
			sourceTree = "<group>";
		};
		ADC5FFE52C3445BB00078439 /* Preview Content */ = {
			isa = PBXGroup;
			children = (
				EB53EE072C402F260088839B /* ContentViewModel.swift */,
				EB5A401B2C46C00900B0742C /* Confetti.sks */,
				ADC5FFE62C3445BB00078439 /* Preview Assets.xcassets */,
				EB5A40162C46BF8E00B0742C /* Assets.xcassets */,
			);
			path = "Preview Content";
			sourceTree = "<group>";
		};
		EB53EDDC2C3ED9120088839B /* Frameworks */ = {
			isa = PBXGroup;
			children = (
				EB53EDDD2C3ED9120088839B /* StoreKit.framework */,
			);
			name = Frameworks;
			sourceTree = "<group>";
		};
/* End PBXGroup section */

/* Begin PBXNativeTarget section */
		ADC5FFDB2C3445B900078439 /* CC Prototype 1 */ = {
			isa = PBXNativeTarget;
			buildConfigurationList = ADC5FFEA2C3445BB00078439 /* Build configuration list for PBXNativeTarget "CC Prototype 1" */;
			buildPhases = (
				ADC5FFD82C3445B900078439 /* Sources */,
				ADC5FFD92C3445B900078439 /* Frameworks */,
				ADC5FFDA2C3445B900078439 /* Resources */,
			);
			buildRules = (
			);
			dependencies = (
			);
			name = "CC Prototype 1";
			packageProductDependencies = (
				EB5A40202C46D08D00B0742C /* ConfettiSwiftUI */,
			);
			productName = "CC Prototype 1";
			productReference = ADC5FFDC2C3445B900078439 /* CC Prototype 1.app */;
			productType = "com.apple.product-type.application";
		};
/* End PBXNativeTarget section */

/* Begin PBXProject section */
		ADC5FFD42C3445B900078439 /* Project object */ = {
			isa = PBXProject;
			attributes = {
				BuildIndependentTargetsInParallel = 1;
				LastSwiftUpdateCheck = 1540;
				LastUpgradeCheck = 1540;
				TargetAttributes = {
					ADC5FFDB2C3445B900078439 = {
						CreatedOnToolsVersion = 15.4;
					};
				};
			};
			buildConfigurationList = ADC5FFD72C3445B900078439 /* Build configuration list for PBXProject "CC Prototype 1" */;
			compatibilityVersion = "Xcode 14.0";
			developmentRegion = en;
			hasScannedForEncodings = 0;
			knownRegions = (
				en,
				Base,
			);
			mainGroup = ADC5FFD32C3445B900078439;
			packageReferences = (
				EB5A401F2C46D08D00B0742C /* XCRemoteSwiftPackageReference "ConfettiSwiftUI" */,
			);
			productRefGroup = ADC5FFDD2C3445B900078439 /* Products */;
			projectDirPath = "";
			projectRoot = "";
			targets = (
				ADC5FFDB2C3445B900078439 /* CC Prototype 1 */,
			);
		};
/* End PBXProject section */

/* Begin PBXResourcesBuildPhase section */
		ADC5FFDA2C3445B900078439 /* Resources */ = {
			isa = PBXResourcesBuildPhase;
			buildActionMask = 2147483647;
			files = (
				ADC5FFE72C3445BB00078439 /* Preview Assets.xcassets in Resources */,
				EB5A40182C46BF8E00B0742C /* Assets.xcassets in Resources */,
				ADC5FFE42C3445BB00078439 /* Assets.xcassets in Resources */,
				EB5A401C2C46C00900B0742C /* Confetti.sks in Resources */,
				EB53EE3D2C45816E0088839B /* content.json in Resources */,
			);
			runOnlyForDeploymentPostprocessing = 0;
		};
/* End PBXResourcesBuildPhase section */

/* Begin PBXSourcesBuildPhase section */
		ADC5FFD82C3445B900078439 /* Sources */ = {
			isa = PBXSourcesBuildPhase;
			buildActionMask = 2147483647;
			files = (
				ADC5FFE22C3445B900078439 /* ContentView.swift in Sources */,
				ADC5FFE02C3445B900078439 /* CC_Prototype_1App.swift in Sources */,
				EB53EE042C3EF1F00088839B /* new.swift in Sources */,
				EB53EE2C2C457F960088839B /* ItemView.swift in Sources */,
				ADED14782C3C3FD70024ABC3 /* SplashScreen.swift in Sources */,
				EB53EE382C4580E60088839B /* DataModel.swift in Sources */,
				ADC500102C344F3C00078439 /* TasksTab.swift in Sources */,
				EB53EE2A2C457F800088839B /* LoadingView.swift in Sources */,
				EB53EE282C457F680088839B /* DataTypes.swift in Sources */,
				EB53EE082C402F270088839B /* ContentViewModel.swift in Sources */,
				EB53EE262C457F3E0088839B /* Bundle-Decodable.swift in Sources */,
				ADC500162C344F6D00078439 /* ProfileTab.swift in Sources */,
				EBC42BB42C497A6F00A54B0C /* CommunityWrap.swift in Sources */,
				ADC500122C344F5300078439 /* LeaderboardTab.swift in Sources */,
				ADC500142C344F6100078439 /* MapTab.swift in Sources */,
				EB53EE202C45728E0088839B /* TaskTabNew.swift in Sources */,
				ADF258442C46CD7D008808DD /* LeaderboardTopCommunities.swift in Sources */,
			);
			runOnlyForDeploymentPostprocessing = 0;
		};
/* End PBXSourcesBuildPhase section */

/* Begin XCBuildConfiguration section */
		ADC5FFE82C3445BB00078439 /* Debug */ = {
			isa = XCBuildConfiguration;
			buildSettings = {
				ALWAYS_SEARCH_USER_PATHS = NO;
				ASSETCATALOG_COMPILER_GENERATE_SWIFT_ASSET_SYMBOL_EXTENSIONS = YES;
				CLANG_ANALYZER_NONNULL = YES;
				CLANG_ANALYZER_NUMBER_OBJECT_CONVERSION = YES_AGGRESSIVE;
				CLANG_CXX_LANGUAGE_STANDARD = "gnu++20";
				CLANG_ENABLE_MODULES = YES;
				CLANG_ENABLE_OBJC_ARC = YES;
				CLANG_ENABLE_OBJC_WEAK = YES;
				CLANG_WARN_BLOCK_CAPTURE_AUTORELEASING = YES;
				CLANG_WARN_BOOL_CONVERSION = YES;
				CLANG_WARN_COMMA = YES;
				CLANG_WARN_CONSTANT_CONVERSION = YES;
				CLANG_WARN_DEPRECATED_OBJC_IMPLEMENTATIONS = YES;
				CLANG_WARN_DIRECT_OBJC_ISA_USAGE = YES_ERROR;
				CLANG_WARN_DOCUMENTATION_COMMENTS = YES;
				CLANG_WARN_EMPTY_BODY = YES;
				CLANG_WARN_ENUM_CONVERSION = YES;
				CLANG_WARN_INFINITE_RECURSION = YES;
				CLANG_WARN_INT_CONVERSION = YES;
				CLANG_WARN_NON_LITERAL_NULL_CONVERSION = YES;
				CLANG_WARN_OBJC_IMPLICIT_RETAIN_SELF = YES;
				CLANG_WARN_OBJC_LITERAL_CONVERSION = YES;
				CLANG_WARN_OBJC_ROOT_CLASS = YES_ERROR;
				CLANG_WARN_QUOTED_INCLUDE_IN_FRAMEWORK_HEADER = YES;
				CLANG_WARN_RANGE_LOOP_ANALYSIS = YES;
				CLANG_WARN_STRICT_PROTOTYPES = YES;
				CLANG_WARN_SUSPICIOUS_MOVE = YES;
				CLANG_WARN_UNGUARDED_AVAILABILITY = YES_AGGRESSIVE;
				CLANG_WARN_UNREACHABLE_CODE = YES;
				CLANG_WARN__DUPLICATE_METHOD_MATCH = YES;
				COPY_PHASE_STRIP = NO;
				DEBUG_INFORMATION_FORMAT = dwarf;
				ENABLE_STRICT_OBJC_MSGSEND = YES;
				ENABLE_TESTABILITY = YES;
				ENABLE_USER_SCRIPT_SANDBOXING = YES;
				GCC_C_LANGUAGE_STANDARD = gnu17;
				GCC_DYNAMIC_NO_PIC = NO;
				GCC_NO_COMMON_BLOCKS = YES;
				GCC_OPTIMIZATION_LEVEL = 0;
				GCC_PREPROCESSOR_DEFINITIONS = (
					"DEBUG=1",
					"$(inherited)",
				);
				GCC_WARN_64_TO_32_BIT_CONVERSION = YES;
				GCC_WARN_ABOUT_RETURN_TYPE = YES_ERROR;
				GCC_WARN_UNDECLARED_SELECTOR = YES;
				GCC_WARN_UNINITIALIZED_AUTOS = YES_AGGRESSIVE;
				GCC_WARN_UNUSED_FUNCTION = YES;
				GCC_WARN_UNUSED_VARIABLE = YES;
				IPHONEOS_DEPLOYMENT_TARGET = 17.5;
				LOCALIZATION_PREFERS_STRING_CATALOGS = YES;
				MTL_ENABLE_DEBUG_INFO = INCLUDE_SOURCE;
				MTL_FAST_MATH = YES;
				ONLY_ACTIVE_ARCH = YES;
				SDKROOT = iphoneos;
				SWIFT_ACTIVE_COMPILATION_CONDITIONS = "DEBUG $(inherited)";
				SWIFT_OPTIMIZATION_LEVEL = "-Onone";
			};
			name = Debug;
		};
		ADC5FFE92C3445BB00078439 /* Release */ = {
			isa = XCBuildConfiguration;
			buildSettings = {
				ALWAYS_SEARCH_USER_PATHS = NO;
				ASSETCATALOG_COMPILER_GENERATE_SWIFT_ASSET_SYMBOL_EXTENSIONS = YES;
				CLANG_ANALYZER_NONNULL = YES;
				CLANG_ANALYZER_NUMBER_OBJECT_CONVERSION = YES_AGGRESSIVE;
				CLANG_CXX_LANGUAGE_STANDARD = "gnu++20";
				CLANG_ENABLE_MODULES = YES;
				CLANG_ENABLE_OBJC_ARC = YES;
				CLANG_ENABLE_OBJC_WEAK = YES;
				CLANG_WARN_BLOCK_CAPTURE_AUTORELEASING = YES;
				CLANG_WARN_BOOL_CONVERSION = YES;
				CLANG_WARN_COMMA = YES;
				CLANG_WARN_CONSTANT_CONVERSION = YES;
				CLANG_WARN_DEPRECATED_OBJC_IMPLEMENTATIONS = YES;
				CLANG_WARN_DIRECT_OBJC_ISA_USAGE = YES_ERROR;
				CLANG_WARN_DOCUMENTATION_COMMENTS = YES;
				CLANG_WARN_EMPTY_BODY = YES;
				CLANG_WARN_ENUM_CONVERSION = YES;
				CLANG_WARN_INFINITE_RECURSION = YES;
				CLANG_WARN_INT_CONVERSION = YES;
				CLANG_WARN_NON_LITERAL_NULL_CONVERSION = YES;
				CLANG_WARN_OBJC_IMPLICIT_RETAIN_SELF = YES;
				CLANG_WARN_OBJC_LITERAL_CONVERSION = YES;
				CLANG_WARN_OBJC_ROOT_CLASS = YES_ERROR;
				CLANG_WARN_QUOTED_INCLUDE_IN_FRAMEWORK_HEADER = YES;
				CLANG_WARN_RANGE_LOOP_ANALYSIS = YES;
				CLANG_WARN_STRICT_PROTOTYPES = YES;
				CLANG_WARN_SUSPICIOUS_MOVE = YES;
				CLANG_WARN_UNGUARDED_AVAILABILITY = YES_AGGRESSIVE;
				CLANG_WARN_UNREACHABLE_CODE = YES;
				CLANG_WARN__DUPLICATE_METHOD_MATCH = YES;
				COPY_PHASE_STRIP = NO;
				DEBUG_INFORMATION_FORMAT = "dwarf-with-dsym";
				ENABLE_NS_ASSERTIONS = NO;
				ENABLE_STRICT_OBJC_MSGSEND = YES;
				ENABLE_USER_SCRIPT_SANDBOXING = YES;
				GCC_C_LANGUAGE_STANDARD = gnu17;
				GCC_NO_COMMON_BLOCKS = YES;
				GCC_WARN_64_TO_32_BIT_CONVERSION = YES;
				GCC_WARN_ABOUT_RETURN_TYPE = YES_ERROR;
				GCC_WARN_UNDECLARED_SELECTOR = YES;
				GCC_WARN_UNINITIALIZED_AUTOS = YES_AGGRESSIVE;
				GCC_WARN_UNUSED_FUNCTION = YES;
				GCC_WARN_UNUSED_VARIABLE = YES;
				IPHONEOS_DEPLOYMENT_TARGET = 17.5;
				LOCALIZATION_PREFERS_STRING_CATALOGS = YES;
				MTL_ENABLE_DEBUG_INFO = NO;
				MTL_FAST_MATH = YES;
				SDKROOT = iphoneos;
				SWIFT_COMPILATION_MODE = wholemodule;
				VALIDATE_PRODUCT = YES;
			};
			name = Release;
		};
		ADC5FFEB2C3445BB00078439 /* Debug */ = {
			isa = XCBuildConfiguration;
			buildSettings = {
				ASSETCATALOG_COMPILER_APPICON_NAME = AppIcon;
				ASSETCATALOG_COMPILER_GLOBAL_ACCENT_COLOR_NAME = AccentColor;
				CODE_SIGN_STYLE = Automatic;
				CURRENT_PROJECT_VERSION = 1;
				DEVELOPMENT_ASSET_PATHS = "\"CC Prototype 1/Preview Content\"";
				ENABLE_PREVIEWS = YES;
				GENERATE_INFOPLIST_FILE = YES;
				INFOPLIST_KEY_NSLocationWhenInUseUsageDescription = "This app need your location to show it on the map.";
				INFOPLIST_KEY_UIApplicationSceneManifest_Generation = YES;
				INFOPLIST_KEY_UIApplicationSupportsIndirectInputEvents = YES;
				INFOPLIST_KEY_UILaunchScreen_Generation = YES;
				INFOPLIST_KEY_UISupportedInterfaceOrientations = UIInterfaceOrientationPortrait;
				INFOPLIST_KEY_UISupportedInterfaceOrientations_iPad = UIInterfaceOrientationLandscapeRight;
				IPHONEOS_DEPLOYMENT_TARGET = 17.0;
				LD_RUNPATH_SEARCH_PATHS = (
					"$(inherited)",
					"@executable_path/Frameworks",
				);
				MARKETING_VERSION = 1.0;
				PRODUCT_BUNDLE_IDENTIFIER = "ECC.CC-Prototype-1";
				PRODUCT_NAME = "$(TARGET_NAME)";
				SUPPORTED_PLATFORMS = "iphoneos iphonesimulator";
				SUPPORTS_MACCATALYST = NO;
				SUPPORTS_MAC_DESIGNED_FOR_IPHONE_IPAD = NO;
				SUPPORTS_XR_DESIGNED_FOR_IPHONE_IPAD = NO;
				SWIFT_EMIT_LOC_STRINGS = YES;
				SWIFT_VERSION = 5.0;
				TARGETED_DEVICE_FAMILY = 1;
			};
			name = Debug;
		};
		ADC5FFEC2C3445BB00078439 /* Release */ = {
			isa = XCBuildConfiguration;
			buildSettings = {
				ASSETCATALOG_COMPILER_APPICON_NAME = AppIcon;
				ASSETCATALOG_COMPILER_GLOBAL_ACCENT_COLOR_NAME = AccentColor;
				CODE_SIGN_STYLE = Automatic;
				CURRENT_PROJECT_VERSION = 1;
				DEVELOPMENT_ASSET_PATHS = "\"CC Prototype 1/Preview Content\"";
				ENABLE_PREVIEWS = YES;
				GENERATE_INFOPLIST_FILE = YES;
				INFOPLIST_KEY_NSLocationWhenInUseUsageDescription = "This app need your location to show it on the map.";
				INFOPLIST_KEY_UIApplicationSceneManifest_Generation = YES;
				INFOPLIST_KEY_UIApplicationSupportsIndirectInputEvents = YES;
				INFOPLIST_KEY_UILaunchScreen_Generation = YES;
				INFOPLIST_KEY_UISupportedInterfaceOrientations = UIInterfaceOrientationPortrait;
				INFOPLIST_KEY_UISupportedInterfaceOrientations_iPad = UIInterfaceOrientationLandscapeRight;
				IPHONEOS_DEPLOYMENT_TARGET = 17.0;
				LD_RUNPATH_SEARCH_PATHS = (
					"$(inherited)",
					"@executable_path/Frameworks",
				);
				MARKETING_VERSION = 1.0;
				PRODUCT_BUNDLE_IDENTIFIER = "ECC.CC-Prototype-1";
				PRODUCT_NAME = "$(TARGET_NAME)";
				SUPPORTED_PLATFORMS = "iphoneos iphonesimulator";
				SUPPORTS_MACCATALYST = NO;
				SUPPORTS_MAC_DESIGNED_FOR_IPHONE_IPAD = NO;
				SUPPORTS_XR_DESIGNED_FOR_IPHONE_IPAD = NO;
				SWIFT_EMIT_LOC_STRINGS = YES;
				SWIFT_VERSION = 5.0;
				TARGETED_DEVICE_FAMILY = 1;
			};
			name = Release;
		};
/* End XCBuildConfiguration section */

/* Begin XCConfigurationList section */
		ADC5FFD72C3445B900078439 /* Build configuration list for PBXProject "CC Prototype 1" */ = {
			isa = XCConfigurationList;
			buildConfigurations = (
				ADC5FFE82C3445BB00078439 /* Debug */,
				ADC5FFE92C3445BB00078439 /* Release */,
			);
			defaultConfigurationIsVisible = 0;
			defaultConfigurationName = Release;
		};
		ADC5FFEA2C3445BB00078439 /* Build configuration list for PBXNativeTarget "CC Prototype 1" */ = {
			isa = XCConfigurationList;
			buildConfigurations = (
				ADC5FFEB2C3445BB00078439 /* Debug */,
				ADC5FFEC2C3445BB00078439 /* Release */,
			);
			defaultConfigurationIsVisible = 0;
			defaultConfigurationName = Release;
		};
/* End XCConfigurationList section */

/* Begin XCRemoteSwiftPackageReference section */
		EB5A401F2C46D08D00B0742C /* XCRemoteSwiftPackageReference "ConfettiSwiftUI" */ = {
			isa = XCRemoteSwiftPackageReference;
			repositoryURL = "git@github.com:simibac/ConfettiSwiftUI.git";
			requirement = {
				kind = upToNextMajorVersion;
				minimumVersion = 1.1.0;
			};
		};
/* End XCRemoteSwiftPackageReference section */

/* Begin XCSwiftPackageProductDependency section */
		EB5A40202C46D08D00B0742C /* ConfettiSwiftUI */ = {
			isa = XCSwiftPackageProductDependency;
			package = EB5A401F2C46D08D00B0742C /* XCRemoteSwiftPackageReference "ConfettiSwiftUI" */;
			productName = ConfettiSwiftUI;
		};
/* End XCSwiftPackageProductDependency section */
	};
	rootObject = ADC5FFD42C3445B900078439 /* Project object */;
}
