// !$*UTF8*$!
{
	archiveVersion = 1;
	classes = {
	};
	objectVersion = 56;
	objects = {

/* Begin PBXBuildFile section */
		ADC500102C344F3C00078439 /* TasksTab.swift in Sources */ = {isa = PBXBuildFile; fileRef = ADC5000F2C344F3C00078439 /* TasksTab.swift */; };
		ADC500122C344F5300078439 /* LeaderboardTab.swift in Sources */ = {isa = PBXBuildFile; fileRef = ADC500112C344F5300078439 /* LeaderboardTab.swift */; };
		ADC500142C344F6100078439 /* MapTab.swift in Sources */ = {isa = PBXBuildFile; fileRef = ADC500132C344F6100078439 /* MapTab.swift */; };
		ADC500162C344F6D00078439 /* ProfileTab.swift in Sources */ = {isa = PBXBuildFile; fileRef = ADC500152C344F6D00078439 /* ProfileTab.swift */; };
		ADC5FFE02C3445B900078439 /* CC_Prototype_1App.swift in Sources */ = {isa = PBXBuildFile; fileRef = ADC5FFDF2C3445B900078439 /* CC_Prototype_1App.swift */; };
		ADC5FFE22C3445B900078439 /* ContentView.swift in Sources */ = {isa = PBXBuildFile; fileRef = ADC5FFE12C3445B900078439 /* ContentView.swift */; };
		ADC5FFE42C3445BB00078439 /* Assets.xcassets in Resources */ = {isa = PBXBuildFile; fileRef = ADC5FFE32C3445BB00078439 /* Assets.xcassets */; };
		ADC5FFE72C3445BB00078439 /* Preview Assets.xcassets in Resources */ = {isa = PBXBuildFile; fileRef = ADC5FFE62C3445BB00078439 /* Preview Assets.xcassets */; };
		ADED14782C3C3FD70024ABC3 /* SplashScreen.swift in Sources */ = {isa = PBXBuildFile; fileRef = ADED14772C3C3FD70024ABC3 /* SplashScreen.swift */; };
		EB53EDD92C3D9B1A0088839B /* TaskBarFeed.swift in Sources */ = {isa = PBXBuildFile; fileRef = EB53EDD82C3D9B1A0088839B /* TaskBarFeed.swift */; };
/* End PBXBuildFile section */

/* Begin PBXFileReference section */
		ADC5000F2C344F3C00078439 /* TasksTab.swift */ = {isa = PBXFileReference; lastKnownFileType = sourcecode.swift; path = TasksTab.swift; sourceTree = "<group>"; };
		ADC500112C344F5300078439 /* LeaderboardTab.swift */ = {isa = PBXFileReference; lastKnownFileType = sourcecode.swift; path = LeaderboardTab.swift; sourceTree = "<group>"; };
		ADC500132C344F6100078439 /* MapTab.swift */ = {isa = PBXFileReference; lastKnownFileType = sourcecode.swift; path = MapTab.swift; sourceTree = "<group>"; };
		ADC500152C344F6D00078439 /* ProfileTab.swift */ = {isa = PBXFileReference; lastKnownFileType = sourcecode.swift; path = ProfileTab.swift; sourceTree = "<group>"; };
		ADC5FFDC2C3445B900078439 /* CC Prototype 1.app */ = {isa = PBXFileReference; explicitFileType = wrapper.application; includeInIndex = 0; path = "CC Prototype 1.app"; sourceTree = BUILT_PRODUCTS_DIR; };
		ADC5FFDF2C3445B900078439 /* CC_Prototype_1App.swift */ = {isa = PBXFileReference; lastKnownFileType = sourcecode.swift; path = CC_Prototype_1App.swift; sourceTree = "<group>"; };
		ADC5FFE12C3445B900078439 /* ContentView.swift */ = {isa = PBXFileReference; lastKnownFileType = sourcecode.swift; path = ContentView.swift; sourceTree = "<group>"; };
		ADC5FFE32C3445BB00078439 /* Assets.xcassets */ = {isa = PBXFileReference; lastKnownFileType = folder.assetcatalog; path = Assets.xcassets; sourceTree = "<group>"; };
		ADC5FFE62C3445BB00078439 /* Preview Assets.xcassets */ = {isa = PBXFileReference; lastKnownFileType = folder.assetcatalog; path = "Preview Assets.xcassets"; sourceTree = "<group>"; };
		ADED14772C3C3FD70024ABC3 /* SplashScreen.swift */ = {isa = PBXFileReference; lastKnownFileType = sourcecode.swift; path = SplashScreen.swift; sourceTree = "<group>"; };
		EB53EDD82C3D9B1A0088839B /* TaskBarFeed.swift */ = {isa = PBXFileReference; lastKnownFileType = sourcecode.swift; path = TaskBarFeed.swift; sourceTree = "<group>"; };
/* End PBXFileReference section */

/* Begin PBXFrameworksBuildPhase section */
		ADC5FFD92C3445B900078439 /* Frameworks */ = {
			isa = PBXFrameworksBuildPhase;
			buildActionMask = 2147483647;
			files = (
			);
			runOnlyForDeploymentPostprocessing = 0;
		};
/* End PBXFrameworksBuildPhase section */

/* Begin PBXGroup section */
		ADC5FFD32C3445B900078439 = {
			isa = PBXGroup;
			children = (
				ADC5FFDE2C3445B900078439 /* CC Prototype 1 */,
				ADC5FFDD2C3445B900078439 /* Products */,
			);
			sourceTree = "<group>";
		};
		ADC5FFDD2C3445B900078439 /* Products */ = {
			isa = PBXGroup;
			children = (
				ADC5FFDC2C3445B900078439 /* CC Prototype 1.app */,
			);
			name = Products;
			sourceTree = "<group>";
		};
		ADC5FFDE2C3445B900078439 /* CC Prototype 1 */ = {
			isa = PBXGroup;
			children = (
				ADC5FFDF2C3445B900078439 /* CC_Prototype_1App.swift */,
				ADC5FFE12C3445B900078439 /* ContentView.swift */,
				ADED14772C3C3FD70024ABC3 /* SplashScreen.swift */,
				ADC5000F2C344F3C00078439 /* TasksTab.swift */,
				EB53EDD82C3D9B1A0088839B /* TaskBarFeed.swift */,
				ADC500112C344F5300078439 /* LeaderboardTab.swift */,
				ADC500132C344F6100078439 /* MapTab.swift */,
				ADC500152C344F6D00078439 /* ProfileTab.swift */,
				ADC5FFE32C3445BB00078439 /* Assets.xcassets */,
				ADC5FFE52C3445BB00078439 /* Preview Content */,
			);
			path = "CC Prototype 1";
			sourceTree = "<group>";
		};
		ADC5FFE52C3445BB00078439 /* Preview Content */ = {
			isa = PBXGroup;
			children = (
				ADC5FFE62C3445BB00078439 /* Preview Assets.xcassets */,
			);
			path = "Preview Content";
			sourceTree = "<group>";
		};
/* End PBXGroup section */

/* Begin PBXNativeTarget section */
		ADC5FFDB2C3445B900078439 /* CC Prototype 1 */ = {
			isa = PBXNativeTarget;
			buildConfigurationList = ADC5FFEA2C3445BB00078439 /* Build configuration list for PBXNativeTarget "CC Prototype 1" */;
			buildPhases = (
				ADC5FFD82C3445B900078439 /* Sources */,
				ADC5FFD92C3445B900078439 /* Frameworks */,
				ADC5FFDA2C3445B900078439 /* Resources */,
			);
			buildRules = (
			);
			dependencies = (
			);
			name = "CC Prototype 1";
			productName = "CC Prototype 1";
			productReference = ADC5FFDC2C3445B900078439 /* CC Prototype 1.app */;
			productType = "com.apple.product-type.application";
		};
/* End PBXNativeTarget section */

/* Begin PBXProject section */
		ADC5FFD42C3445B900078439 /* Project object */ = {
			isa = PBXProject;
			attributes = {
				BuildIndependentTargetsInParallel = 1;
				LastSwiftUpdateCheck = 1540;
				LastUpgradeCheck = 1540;
				TargetAttributes = {
					ADC5FFDB2C3445B900078439 = {
						CreatedOnToolsVersion = 15.4;
					};
				};
			};
			buildConfigurationList = ADC5FFD72C3445B900078439 /* Build configuration list for PBXProject "CC Prototype 1" */;
			compatibilityVersion = "Xcode 14.0";
			developmentRegion = en;
			hasScannedForEncodings = 0;
			knownRegions = (
				en,
				Base,
			);
			mainGroup = ADC5FFD32C3445B900078439;
			productRefGroup = ADC5FFDD2C3445B900078439 /* Products */;
			projectDirPath = "";
			projectRoot = "";
			targets = (
				ADC5FFDB2C3445B900078439 /* CC Prototype 1 */,
			);
		};
/* End PBXProject section */

/* Begin PBXResourcesBuildPhase section */
		ADC5FFDA2C3445B900078439 /* Resources */ = {
			isa = PBXResourcesBuildPhase;
			buildActionMask = 2147483647;
			files = (
				ADC5FFE72C3445BB00078439 /* Preview Assets.xcassets in Resources */,
				ADC5FFE42C3445BB00078439 /* Assets.xcassets in Resources */,
			);
			runOnlyForDeploymentPostprocessing = 0;
		};
/* End PBXResourcesBuildPhase section */

/* Begin PBXSourcesBuildPhase section */
		ADC5FFD82C3445B900078439 /* Sources */ = {
			isa = PBXSourcesBuildPhase;
			buildActionMask = 2147483647;
			files = (
				EB53EDD92C3D9B1A0088839B /* TaskBarFeed.swift in Sources */,
				ADC5FFE22C3445B900078439 /* ContentView.swift in Sources */,
				ADC5FFE02C3445B900078439 /* CC_Prototype_1App.swift in Sources */,
				ADED14782C3C3FD70024ABC3 /* SplashScreen.swift in Sources */,
				ADC500102C344F3C00078439 /* TasksTab.swift in Sources */,
				ADC500162C344F6D00078439 /* ProfileTab.swift in Sources */,
				ADC500122C344F5300078439 /* LeaderboardTab.swift in Sources */,
				ADC500142C344F6100078439 /* MapTab.swift in Sources */,
			);
			runOnlyForDeploymentPostprocessing = 0;
		};
/* End PBXSourcesBuildPhase section */

/* Begin XCBuildConfiguration section */
		ADC5FFE82C3445BB00078439 /* Debug */ = {
			isa = XCBuildConfiguration;
			buildSettings = {
				ALWAYS_SEARCH_USER_PATHS = NO;
				ASSETCATALOG_COMPILER_GENERATE_SWIFT_ASSET_SYMBOL_EXTENSIONS = YES;
				CLANG_ANALYZER_NONNULL = YES;
				CLANG_ANALYZER_NUMBER_OBJECT_CONVERSION = YES_AGGRESSIVE;
				CLANG_CXX_LANGUAGE_STANDARD = "gnu++20";
				CLANG_ENABLE_MODULES = YES;
				CLANG_ENABLE_OBJC_ARC = YES;
				CLANG_ENABLE_OBJC_WEAK = YES;
				CLANG_WARN_BLOCK_CAPTURE_AUTORELEASING = YES;
				CLANG_WARN_BOOL_CONVERSION = YES;
				CLANG_WARN_COMMA = YES;
				CLANG_WARN_CONSTANT_CONVERSION = YES;
				CLANG_WARN_DEPRECATED_OBJC_IMPLEMENTATIONS = YES;
				CLANG_WARN_DIRECT_OBJC_ISA_USAGE = YES_ERROR;
				CLANG_WARN_DOCUMENTATION_COMMENTS = YES;
				CLANG_WARN_EMPTY_BODY = YES;
				CLANG_WARN_ENUM_CONVERSION = YES;
				CLANG_WARN_INFINITE_RECURSION = YES;
				CLANG_WARN_INT_CONVERSION = YES;
				CLANG_WARN_NON_LITERAL_NULL_CONVERSION = YES;
				CLANG_WARN_OBJC_IMPLICIT_RETAIN_SELF = YES;
				CLANG_WARN_OBJC_LITERAL_CONVERSION = YES;
				CLANG_WARN_OBJC_ROOT_CLASS = YES_ERROR;
				CLANG_WARN_QUOTED_INCLUDE_IN_FRAMEWORK_HEADER = YES;
				CLANG_WARN_RANGE_LOOP_ANALYSIS = YES;
				CLANG_WARN_STRICT_PROTOTYPES = YES;
				CLANG_WARN_SUSPICIOUS_MOVE = YES;
				CLANG_WARN_UNGUARDED_AVAILABILITY = YES_AGGRESSIVE;
				CLANG_WARN_UNREACHABLE_CODE = YES;
				CLANG_WARN__DUPLICATE_METHOD_MATCH = YES;
				COPY_PHASE_STRIP = NO;
				DEBUG_INFORMATION_FORMAT = dwarf;
				ENABLE_STRICT_OBJC_MSGSEND = YES;
				ENABLE_TESTABILITY = YES;
				ENABLE_USER_SCRIPT_SANDBOXING = YES;
				GCC_C_LANGUAGE_STANDARD = gnu17;
				GCC_DYNAMIC_NO_PIC = NO;
				GCC_NO_COMMON_BLOCKS = YES;
				GCC_OPTIMIZATION_LEVEL = 0;
				GCC_PREPROCESSOR_DEFINITIONS = (
					"DEBUG=1",
					"$(inherited)",
				);
				GCC_WARN_64_TO_32_BIT_CONVERSION = YES;
				GCC_WARN_ABOUT_RETURN_TYPE = YES_ERROR;
				GCC_WARN_UNDECLARED_SELECTOR = YES;
				GCC_WARN_UNINITIALIZED_AUTOS = YES_AGGRESSIVE;
				GCC_WARN_UNUSED_FUNCTION = YES;
				GCC_WARN_UNUSED_VARIABLE = YES;
				IPHONEOS_DEPLOYMENT_TARGET = 17.5;
				LOCALIZATION_PREFERS_STRING_CATALOGS = YES;
				MTL_ENABLE_DEBUG_INFO = INCLUDE_SOURCE;
				MTL_FAST_MATH = YES;
				ONLY_ACTIVE_ARCH = YES;
				SDKROOT = iphoneos;
				SWIFT_ACTIVE_COMPILATION_CONDITIONS = "DEBUG $(inherited)";
				SWIFT_OPTIMIZATION_LEVEL = "-Onone";
			};
			name = Debug;
		};
		ADC5FFE92C3445BB00078439 /* Release */ = {
			isa = XCBuildConfiguration;
			buildSettings = {
				ALWAYS_SEARCH_USER_PATHS = NO;
				ASSETCATALOG_COMPILER_GENERATE_SWIFT_ASSET_SYMBOL_EXTENSIONS = YES;
				CLANG_ANALYZER_NONNULL = YES;
				CLANG_ANALYZER_NUMBER_OBJECT_CONVERSION = YES_AGGRESSIVE;
				CLANG_CXX_LANGUAGE_STANDARD = "gnu++20";
				CLANG_ENABLE_MODULES = YES;
				CLANG_ENABLE_OBJC_ARC = YES;
				CLANG_ENABLE_OBJC_WEAK = YES;
				CLANG_WARN_BLOCK_CAPTURE_AUTORELEASING = YES;
				CLANG_WARN_BOOL_CONVERSION = YES;
				CLANG_WARN_COMMA = YES;
				CLANG_WARN_CONSTANT_CONVERSION = YES;
				CLANG_WARN_DEPRECATED_OBJC_IMPLEMENTATIONS = YES;
				CLANG_WARN_DIRECT_OBJC_ISA_USAGE = YES_ERROR;
				CLANG_WARN_DOCUMENTATION_COMMENTS = YES;
				CLANG_WARN_EMPTY_BODY = YES;
				CLANG_WARN_ENUM_CONVERSION = YES;
				CLANG_WARN_INFINITE_RECURSION = YES;
				CLANG_WARN_INT_CONVERSION = YES;
				CLANG_WARN_NON_LITERAL_NULL_CONVERSION = YES;
				CLANG_WARN_OBJC_IMPLICIT_RETAIN_SELF = YES;
				CLANG_WARN_OBJC_LITERAL_CONVERSION = YES;
				CLANG_WARN_OBJC_ROOT_CLASS = YES_ERROR;
				CLANG_WARN_QUOTED_INCLUDE_IN_FRAMEWORK_HEADER = YES;
				CLANG_WARN_RANGE_LOOP_ANALYSIS = YES;
				CLANG_WARN_STRICT_PROTOTYPES = YES;
				CLANG_WARN_SUSPICIOUS_MOVE = YES;
				CLANG_WARN_UNGUARDED_AVAILABILITY = YES_AGGRESSIVE;
				CLANG_WARN_UNREACHABLE_CODE = YES;
				CLANG_WARN__DUPLICATE_METHOD_MATCH = YES;
				COPY_PHASE_STRIP = NO;
				DEBUG_INFORMATION_FORMAT = "dwarf-with-dsym";
				ENABLE_NS_ASSERTIONS = NO;
				ENABLE_STRICT_OBJC_MSGSEND = YES;
				ENABLE_USER_SCRIPT_SANDBOXING = YES;
				GCC_C_LANGUAGE_STANDARD = gnu17;
				GCC_NO_COMMON_BLOCKS = YES;
				GCC_WARN_64_TO_32_BIT_CONVERSION = YES;
				GCC_WARN_ABOUT_RETURN_TYPE = YES_ERROR;
				GCC_WARN_UNDECLARED_SELECTOR = YES;
				GCC_WARN_UNINITIALIZED_AUTOS = YES_AGGRESSIVE;
				GCC_WARN_UNUSED_FUNCTION = YES;
				GCC_WARN_UNUSED_VARIABLE = YES;
				IPHONEOS_DEPLOYMENT_TARGET = 17.5;
				LOCALIZATION_PREFERS_STRING_CATALOGS = YES;
				MTL_ENABLE_DEBUG_INFO = NO;
				MTL_FAST_MATH = YES;
				SDKROOT = iphoneos;
				SWIFT_COMPILATION_MODE = wholemodule;
				VALIDATE_PRODUCT = YES;
			};
			name = Release;
		};
		ADC5FFEB2C3445BB00078439 /* Debug */ = {
			isa = XCBuildConfiguration;
			buildSettings = {
				ASSETCATALOG_COMPILER_APPICON_NAME = AppIcon;
				ASSETCATALOG_COMPILER_GLOBAL_ACCENT_COLOR_NAME = AccentColor;
				CODE_SIGN_STYLE = Automatic;
				CURRENT_PROJECT_VERSION = 1;
				DEVELOPMENT_ASSET_PATHS = "\"CC Prototype 1/Preview Content\"";
				ENABLE_PREVIEWS = YES;
				GENERATE_INFOPLIST_FILE = YES;
				INFOPLIST_KEY_UIApplicationSceneManifest_Generation = YES;
				INFOPLIST_KEY_UIApplicationSupportsIndirectInputEvents = YES;
				INFOPLIST_KEY_UILaunchScreen_Generation = YES;
				INFOPLIST_KEY_UISupportedInterfaceOrientations_iPad = "UIInterfaceOrientationPortrait UIInterfaceOrientationPortraitUpsideDown UIInterfaceOrientationLandscapeLeft UIInterfaceOrientationLandscapeRight";
				INFOPLIST_KEY_UISupportedInterfaceOrientations_iPhone = "UIInterfaceOrientationPortrait UIInterfaceOrientationLandscapeLeft UIInterfaceOrientationLandscapeRight";
				LD_RUNPATH_SEARCH_PATHS = (
					"$(inherited)",
					"@executable_path/Frameworks",
				);
				MARKETING_VERSION = 1.0;
				PRODUCT_BUNDLE_IDENTIFIER = "ECC.CC-Prototype-1";
				PRODUCT_NAME = "$(TARGET_NAME)";
				SWIFT_EMIT_LOC_STRINGS = YES;
				SWIFT_VERSION = 5.0;
				TARGETED_DEVICE_FAMILY = "1,2";
			};
			name = Debug;
		};
		ADC5FFEC2C3445BB00078439 /* Release */ = {
			isa = XCBuildConfiguration;
			buildSettings = {
				ASSETCATALOG_COMPILER_APPICON_NAME = AppIcon;
				ASSETCATALOG_COMPILER_GLOBAL_ACCENT_COLOR_NAME = AccentColor;
				CODE_SIGN_STYLE = Automatic;
				CURRENT_PROJECT_VERSION = 1;
				DEVELOPMENT_ASSET_PATHS = "\"CC Prototype 1/Preview Content\"";
				ENABLE_PREVIEWS = YES;
				GENERATE_INFOPLIST_FILE = YES;
				INFOPLIST_KEY_UIApplicationSceneManifest_Generation = YES;
				INFOPLIST_KEY_UIApplicationSupportsIndirectInputEvents = YES;
				INFOPLIST_KEY_UILaunchScreen_Generation = YES;
				INFOPLIST_KEY_UISupportedInterfaceOrientations_iPad = "UIInterfaceOrientationPortrait UIInterfaceOrientationPortraitUpsideDown UIInterfaceOrientationLandscapeLeft UIInterfaceOrientationLandscapeRight";
				INFOPLIST_KEY_UISupportedInterfaceOrientations_iPhone = "UIInterfaceOrientationPortrait UIInterfaceOrientationLandscapeLeft UIInterfaceOrientationLandscapeRight";
				LD_RUNPATH_SEARCH_PATHS = (
					"$(inherited)",
					"@executable_path/Frameworks",
				);
				MARKETING_VERSION = 1.0;
				PRODUCT_BUNDLE_IDENTIFIER = "ECC.CC-Prototype-1";
				PRODUCT_NAME = "$(TARGET_NAME)";
				SWIFT_EMIT_LOC_STRINGS = YES;
				SWIFT_VERSION = 5.0;
				TARGETED_DEVICE_FAMILY = "1,2";
			};
			name = Release;
		};
/* End XCBuildConfiguration section */

/* Begin XCConfigurationList section */
		ADC5FFD72C3445B900078439 /* Build configuration list for PBXProject "CC Prototype 1" */ = {
			isa = XCConfigurationList;
			buildConfigurations = (
				ADC5FFE82C3445BB00078439 /* Debug */,
				ADC5FFE92C3445BB00078439 /* Release */,
			);
			defaultConfigurationIsVisible = 0;
			defaultConfigurationName = Release;
		};
		ADC5FFEA2C3445BB00078439 /* Build configuration list for PBXNativeTarget "CC Prototype 1" */ = {
			isa = XCConfigurationList;
			buildConfigurations = (
				ADC5FFEB2C3445BB00078439 /* Debug */,
				ADC5FFEC2C3445BB00078439 /* Release */,
			);
			defaultConfigurationIsVisible = 0;
			defaultConfigurationName = Release;
		};
/* End XCConfigurationList section */
	};
	rootObject = ADC5FFD42C3445B900078439 /* Project object */;
}
